{"1.2.0",
[{<<"jsx">>,{pkg,<<"jsx">>,<<"1.4.5">>},0},
 {<<"lager">>,
  {git,"https://github.com/erlang-lager/lager.git",
       {ref,"4fcb8fd40f6ab7a3fa30f4d5b559a10788ac7886"}},
  0},
 {<<"meck">>,{pkg,<<"meck">>,<<"0.8.13">>},0},
 {<<"proper">>,{pkg,<<"proper">>,<<"1.3.0">>},0}]}.
[
{pkg_hash,[
 {<<"jsx">>, <<"4FADDBE604AC330256D99936973E0C828DBBA1D7F27EA246C71879E447051F10">>},
 {<<"meck">>, <<"FFEDB39F99B0B99703B8601C6F17C7F76313EE12DE6B646E671E3188401F7866">>},
 {<<"proper">>, <<"C1ACD51C51DA17A2FE91D7A6FC6A0C25A6A9849D8DC77093533109D1218D8457">>}]},
{pkg_hash_ext,[
 {<<"jsx">>, <<"FF5115611C5DD789CEBE3ADDC07D18B86340F701C52AD063CABA6FE8DA3A489B">>},
 {<<"meck">>, <<"D34F013C156DB51AD57CC556891B9720E6A1C1DF5FE2E15AF999C84D6CEBEB1A">>},
 {<<"proper">>, <<"4AA192FCCDDD03FDBE50FEF620BE9D4D2F92635B54F55FB83AEC185994403CBC">>}]}
].
