[{<<"jsx">>,
  {git,"git://github.com/talentdeficit/jsx",
       {ref,"352d6b21cbec4fe1b66bc7ce3ded67a3b32add2c"}},
  0},
 {<<"lager">>,
  {git,"git://github.com/basho/lager",
       {ref,"4fcb8fd40f6ab7a3fa30f4d5b559a10788ac7886"}},
  0},
 {<<"meck">>,
  {git,"git://github.com/eproxus/meck.git",
       {ref,"dde759050eff19a1a80fd854d7375174b191665d"}},
  0},
 {<<"proper">>,
  {git,"git://github.com/manopapad/proper",
       {ref,"1b773eeb47cb2c3116d78bdf681505703b762eee"}},
  0}].
